
Microsoft Visual Studio Solution File, Format Version 11.00
# Visual Studio 2010
Project("{FAE04EC0-301F-11D3-BF4B-00C04F79EFBC}") = "Assembly-CSharp", "Assembly-CSharp.csproj", "{8c7f0616-881e-2e0e-5eb1-7bbfc48d32b9}"
EndProject
Project("{FAE04EC0-301F-11D3-BF4B-00C04F79EFBC}") = "Assembly-CSharp-Editor", "Assembly-CSharp-Editor.csproj", "{87d934cb-c415-177a-fb53-d0c319e903c6}"
EndProject
Global
	GlobalSection(SolutionConfigurationPlatforms) = preSolution
		Debug|Any CPU = Debug|Any CPU
	EndGlobalSection
	GlobalSection(ProjectConfigurationPlatforms) = postSolution
		{8c7f0616-881e-2e0e-5eb1-7bbfc48d32b9}.Debug|Any CPU.ActiveCfg = Debug|Any CPU
		{8c7f0616-881e-2e0e-5eb1-7bbfc48d32b9}.Debug|Any CPU.Build.0 = Debug|Any CPU
		{87d934cb-c415-177a-fb53-d0c319e903c6}.Debug|Any CPU.ActiveCfg = Debug|Any CPU
		{87d934cb-c415-177a-fb53-d0c319e903c6}.Debug|Any CPU.Build.0 = Debug|Any CPU
	EndGlobalSection
	GlobalSection(SolutionProperties) = preSolution
		HideSolutionNode = FALSE
	EndGlobalSection
EndGlobal
